// !$*UTF8*$!
{
	archiveVersion = 1;
	classes = {
	};
	objectVersion = 48;
	objects = {

/* Begin PBXBuildFile section */
		0A7A176697B27664FB5242F7 /* Pods_MovieDB.framework in Frameworks */ = {isa = PBXBuildFile; fileRef = 54583261858018192C1BF1EA /* Pods_MovieDB.framework */; };
		CF76D68A1FDBD2E3001D867B /* AppDelegate.swift in Sources */ = {isa = PBXBuildFile; fileRef = CF76D6891FDBD2E3001D867B /* AppDelegate.swift */; };
		CF76D6911FDBD2E3001D867B /* Assets.xcassets in Resources */ = {isa = PBXBuildFile; fileRef = CF76D6901FDBD2E3001D867B /* Assets.xcassets */; };
		CF76D6A11FDBD6F6001D867B /* MoviePosterListingCVCtrlr.swift in Sources */ = {isa = PBXBuildFile; fileRef = CF76D6A01FDBD6F6001D867B /* MoviePosterListingCVCtrlr.swift */; };
		CF76D6A51FDBD7F3001D867B /* LaunchScreen.storyboard in Resources */ = {isa = PBXBuildFile; fileRef = CF76D6A41FDBD7F3001D867B /* LaunchScreen.storyboard */; };
		CF76D6A71FDBD847001D867B /* WebService.swift in Sources */ = {isa = PBXBuildFile; fileRef = CF76D6A61FDBD847001D867B /* WebService.swift */; };
		CF76D6B01FDBE6E2001D867B /* MovieEntity.swift in Sources */ = {isa = PBXBuildFile; fileRef = CF76D6AF1FDBE6E2001D867B /* MovieEntity.swift */; };
		CF76D6B31FDC0732001D867B /* SortTypeSelectionTVCtrlr.swift in Sources */ = {isa = PBXBuildFile; fileRef = CF76D6B21FDC0732001D867B /* SortTypeSelectionTVCtrlr.swift */; };
		CF76D6BA1FDC2873001D867B /* MovieDetailsVC.swift in Sources */ = {isa = PBXBuildFile; fileRef = CF76D6B81FDC2873001D867B /* MovieDetailsVC.swift */; };
		CF76D6BB1FDC2873001D867B /* MovieDetailsVC.xib in Resources */ = {isa = PBXBuildFile; fileRef = CF76D6B91FDC2873001D867B /* MovieDetailsVC.xib */; };
/* End PBXBuildFile section */

/* Begin PBXFileReference section */
		54583261858018192C1BF1EA /* Pods_MovieDB.framework */ = {isa = PBXFileReference; explicitFileType = wrapper.framework; includeInIndex = 0; path = Pods_MovieDB.framework; sourceTree = BUILT_PRODUCTS_DIR; };
		C560417D81E6BDCF07AC0B8B /* Pods-MovieDB.release.xcconfig */ = {isa = PBXFileReference; includeInIndex = 1; lastKnownFileType = text.xcconfig; name = "Pods-MovieDB.release.xcconfig"; path = "Pods/Target Support Files/Pods-MovieDB/Pods-MovieDB.release.xcconfig"; sourceTree = "<group>"; };
		CF76D6861FDBD2E3001D867B /* MovieDB.app */ = {isa = PBXFileReference; explicitFileType = wrapper.application; includeInIndex = 0; path = MovieDB.app; sourceTree = BUILT_PRODUCTS_DIR; };
		CF76D6891FDBD2E3001D867B /* AppDelegate.swift */ = {isa = PBXFileReference; lastKnownFileType = sourcecode.swift; path = AppDelegate.swift; sourceTree = "<group>"; };
		CF76D6901FDBD2E3001D867B /* Assets.xcassets */ = {isa = PBXFileReference; lastKnownFileType = folder.assetcatalog; path = Assets.xcassets; sourceTree = "<group>"; };
		CF76D6951FDBD2E3001D867B /* Info.plist */ = {isa = PBXFileReference; lastKnownFileType = text.plist.xml; path = Info.plist; sourceTree = "<group>"; };
		CF76D6A01FDBD6F6001D867B /* MoviePosterListingCVCtrlr.swift */ = {isa = PBXFileReference; lastKnownFileType = sourcecode.swift; path = MoviePosterListingCVCtrlr.swift; sourceTree = "<group>"; };
		CF76D6A41FDBD7F3001D867B /* LaunchScreen.storyboard */ = {isa = PBXFileReference; lastKnownFileType = file.storyboard; path = LaunchScreen.storyboard; sourceTree = "<group>"; };
		CF76D6A61FDBD847001D867B /* WebService.swift */ = {isa = PBXFileReference; lastKnownFileType = sourcecode.swift; path = WebService.swift; sourceTree = "<group>"; };
		CF76D6AF1FDBE6E2001D867B /* MovieEntity.swift */ = {isa = PBXFileReference; lastKnownFileType = sourcecode.swift; path = MovieEntity.swift; sourceTree = "<group>"; };
		CF76D6B21FDC0732001D867B /* SortTypeSelectionTVCtrlr.swift */ = {isa = PBXFileReference; lastKnownFileType = sourcecode.swift; path = SortTypeSelectionTVCtrlr.swift; sourceTree = "<group>"; };
		CF76D6B81FDC2873001D867B /* MovieDetailsVC.swift */ = {isa = PBXFileReference; lastKnownFileType = sourcecode.swift; path = MovieDetailsVC.swift; sourceTree = "<group>"; };
		CF76D6B91FDC2873001D867B /* MovieDetailsVC.xib */ = {isa = PBXFileReference; lastKnownFileType = file.xib; path = MovieDetailsVC.xib; sourceTree = "<group>"; };
		FCA90D1C0B676DADA6985C91 /* Pods-MovieDB.debug.xcconfig */ = {isa = PBXFileReference; includeInIndex = 1; lastKnownFileType = text.xcconfig; name = "Pods-MovieDB.debug.xcconfig"; path = "Pods/Target Support Files/Pods-MovieDB/Pods-MovieDB.debug.xcconfig"; sourceTree = "<group>"; };
/* End PBXFileReference section */

/* Begin PBXFrameworksBuildPhase section */
		CF76D6831FDBD2E3001D867B /* Frameworks */ = {
			isa = PBXFrameworksBuildPhase;
			buildActionMask = 2147483647;
			files = (
				0A7A176697B27664FB5242F7 /* Pods_MovieDB.framework in Frameworks */,
			);
			runOnlyForDeploymentPostprocessing = 0;
		};
/* End PBXFrameworksBuildPhase section */

/* Begin PBXGroup section */
		7BE7F29CD796877147B61AB1 /* Frameworks */ = {
			isa = PBXGroup;
			children = (
				54583261858018192C1BF1EA /* Pods_MovieDB.framework */,
			);
			name = Frameworks;
			sourceTree = "<group>";
		};
		C96DE5446F15A442E82420F1 /* Pods */ = {
			isa = PBXGroup;
			children = (
				FCA90D1C0B676DADA6985C91 /* Pods-MovieDB.debug.xcconfig */,
				C560417D81E6BDCF07AC0B8B /* Pods-MovieDB.release.xcconfig */,
			);
			name = Pods;
			sourceTree = "<group>";
		};
		CF76D67D1FDBD2E3001D867B = {
			isa = PBXGroup;
			children = (
				CF76D6881FDBD2E3001D867B /* MovieDB */,
				CF76D6871FDBD2E3001D867B /* Products */,
				C96DE5446F15A442E82420F1 /* Pods */,
				7BE7F29CD796877147B61AB1 /* Frameworks */,
			);
			sourceTree = "<group>";
		};
		CF76D6871FDBD2E3001D867B /* Products */ = {
			isa = PBXGroup;
			children = (
				CF76D6861FDBD2E3001D867B /* MovieDB.app */,
			);
			name = Products;
			sourceTree = "<group>";
		};
		CF76D6881FDBD2E3001D867B /* MovieDB */ = {
			isa = PBXGroup;
			children = (
				CF76D69F1FDBD63A001D867B /* Application Skeleton */,
				CF76D69E1FDBD632001D867B /* Resources */,
				CF76D69D1FDBD624001D867B /* Controller */,
				CF76D69C1FDBD620001D867B /* View */,
				CF76D69B1FDBD615001D867B /* Model */,
			);
			path = MovieDB;
			sourceTree = "<group>";
		};
		CF76D69B1FDBD615001D867B /* Model */ = {
			isa = PBXGroup;
			children = (
				CF76D6AE1FDBE6CB001D867B /* Data Objects */,
				CF76D6A61FDBD847001D867B /* WebService.swift */,
			);
			path = Model;
			sourceTree = "<group>";
		};
		CF76D69C1FDBD620001D867B /* View */ = {
			isa = PBXGroup;
			children = (
				CF76D6A41FDBD7F3001D867B /* LaunchScreen.storyboard */,
			);
			path = View;
			sourceTree = "<group>";
		};
		CF76D69D1FDBD624001D867B /* Controller */ = {
			isa = PBXGroup;
			children = (
				CF76D6A01FDBD6F6001D867B /* MoviePosterListingCVCtrlr.swift */,
				CF76D6B21FDC0732001D867B /* SortTypeSelectionTVCtrlr.swift */,
				CF76D6B81FDC2873001D867B /* MovieDetailsVC.swift */,
				CF76D6B91FDC2873001D867B /* MovieDetailsVC.xib */,
			);
			path = Controller;
			sourceTree = "<group>";
		};
		CF76D69E1FDBD632001D867B /* Resources */ = {
			isa = PBXGroup;
			children = (
				CF76D6901FDBD2E3001D867B /* Assets.xcassets */,
			);
			path = Resources;
			sourceTree = "<group>";
		};
		CF76D69F1FDBD63A001D867B /* Application Skeleton */ = {
			isa = PBXGroup;
			children = (
				CF76D6891FDBD2E3001D867B /* AppDelegate.swift */,
				CF76D6951FDBD2E3001D867B /* Info.plist */,
			);
			path = "Application Skeleton";
			sourceTree = "<group>";
		};
		CF76D6AE1FDBE6CB001D867B /* Data Objects */ = {
			isa = PBXGroup;
			children = (
				CF76D6AF1FDBE6E2001D867B /* MovieEntity.swift */,
			);
			path = "Data Objects";
			sourceTree = "<group>";
		};
/* End PBXGroup section */

/* Begin PBXNativeTarget section */
		CF76D6851FDBD2E3001D867B /* MovieDB */ = {
			isa = PBXNativeTarget;
			buildConfigurationList = CF76D6981FDBD2E3001D867B /* Build configuration list for PBXNativeTarget "MovieDB" */;
			buildPhases = (
				D8FD3D636EEF7547D2C82899 /* [CP] Check Pods Manifest.lock */,
				CF76D6821FDBD2E3001D867B /* Sources */,
				CF76D6831FDBD2E3001D867B /* Frameworks */,
				CF76D6841FDBD2E3001D867B /* Resources */,
				758FAE6689EC64CB751BD493 /* [CP] Embed Pods Frameworks */,
				B590D8C6768EC02286922C61 /* [CP] Copy Pods Resources */,
			);
			buildRules = (
			);
			dependencies = (
			);
			name = MovieDB;
			productName = MovieDB;
			productReference = CF76D6861FDBD2E3001D867B /* MovieDB.app */;
			productType = "com.apple.product-type.application";
		};
/* End PBXNativeTarget section */

/* Begin PBXProject section */
		CF76D67E1FDBD2E3001D867B /* Project object */ = {
			isa = PBXProject;
			attributes = {
				LastSwiftUpdateCheck = 0910;
				LastUpgradeCheck = 0910;
				ORGANIZATIONNAME = Vedant;
				TargetAttributes = {
					CF76D6851FDBD2E3001D867B = {
						CreatedOnToolsVersion = 9.1;
						ProvisioningStyle = Automatic;
					};
				};
			};
			buildConfigurationList = CF76D6811FDBD2E3001D867B /* Build configuration list for PBXProject "MovieDB" */;
			compatibilityVersion = "Xcode 8.0";
			developmentRegion = en;
			hasScannedForEncodings = 0;
			knownRegions = (
				en,
				Base,
			);
			mainGroup = CF76D67D1FDBD2E3001D867B;
			productRefGroup = CF76D6871FDBD2E3001D867B /* Products */;
			projectDirPath = "";
			projectRoot = "";
			targets = (
				CF76D6851FDBD2E3001D867B /* MovieDB */,
			);
		};
/* End PBXProject section */

/* Begin PBXResourcesBuildPhase section */
		CF76D6841FDBD2E3001D867B /* Resources */ = {
			isa = PBXResourcesBuildPhase;
			buildActionMask = 2147483647;
			files = (
				CF76D6A51FDBD7F3001D867B /* LaunchScreen.storyboard in Resources */,
				CF76D6BB1FDC2873001D867B /* MovieDetailsVC.xib in Resources */,
				CF76D6911FDBD2E3001D867B /* Assets.xcassets in Resources */,
			);
			runOnlyForDeploymentPostprocessing = 0;
		};
/* End PBXResourcesBuildPhase section */

/* Begin PBXShellScriptBuildPhase section */
		758FAE6689EC64CB751BD493 /* [CP] Embed Pods Frameworks */ = {
			isa = PBXShellScriptBuildPhase;
			buildActionMask = 2147483647;
			files = (
			);
			inputPaths = (
				"${SRCROOT}/Pods/Target Support Files/Pods-MovieDB/Pods-MovieDB-frameworks.sh",
				"${BUILT_PRODUCTS_DIR}/HCSStarRatingView/HCSStarRatingView.framework",
				"${BUILT_PRODUCTS_DIR}/Kingfisher/Kingfisher.framework",
				"${BUILT_PRODUCTS_DIR}/MBProgressHUD/MBProgressHUD.framework",
				"${BUILT_PRODUCTS_DIR}/SWRevealViewController/SWRevealViewController.framework",
			);
			name = "[CP] Embed Pods Frameworks";
			outputPaths = (
				"${TARGET_BUILD_DIR}/${FRAMEWORKS_FOLDER_PATH}/HCSStarRatingView.framework",
				"${TARGET_BUILD_DIR}/${FRAMEWORKS_FOLDER_PATH}/Kingfisher.framework",
				"${TARGET_BUILD_DIR}/${FRAMEWORKS_FOLDER_PATH}/MBProgressHUD.framework",
				"${TARGET_BUILD_DIR}/${FRAMEWORKS_FOLDER_PATH}/SWRevealViewController.framework",
			);
			runOnlyForDeploymentPostprocessing = 0;
			shellPath = /bin/sh;
			shellScript = "\"${SRCROOT}/Pods/Target Support Files/Pods-MovieDB/Pods-MovieDB-frameworks.sh\"\n";
			showEnvVarsInLog = 0;
		};
		B590D8C6768EC02286922C61 /* [CP] Copy Pods Resources */ = {
			isa = PBXShellScriptBuildPhase;
			buildActionMask = 2147483647;
			files = (
			);
			inputPaths = (
			);
			name = "[CP] Copy Pods Resources";
			outputPaths = (
			);
			runOnlyForDeploymentPostprocessing = 0;
			shellPath = /bin/sh;
			shellScript = "\"${SRCROOT}/Pods/Target Support Files/Pods-MovieDB/Pods-MovieDB-resources.sh\"\n";
			showEnvVarsInLog = 0;
		};
		D8FD3D636EEF7547D2C82899 /* [CP] Check Pods Manifest.lock */ = {
			isa = PBXShellScriptBuildPhase;
			buildActionMask = 2147483647;
			files = (
			);
			inputPaths = (
				"${PODS_PODFILE_DIR_PATH}/Podfile.lock",
				"${PODS_ROOT}/Manifest.lock",
			);
			name = "[CP] Check Pods Manifest.lock";
			outputPaths = (
				"$(DERIVED_FILE_DIR)/Pods-MovieDB-checkManifestLockResult.txt",
			);
			runOnlyForDeploymentPostprocessing = 0;
			shellPath = /bin/sh;
			shellScript = "diff \"${PODS_PODFILE_DIR_PATH}/Podfile.lock\" \"${PODS_ROOT}/Manifest.lock\" > /dev/null\nif [ $? != 0 ] ; then\n    # print error to STDERR\n    echo \"error: The sandbox is not in sync with the Podfile.lock. Run 'pod install' or update your CocoaPods installation.\" >&2\n    exit 1\nfi\n# This output is used by Xcode 'outputs' to avoid re-running this script phase.\necho \"SUCCESS\" > \"${SCRIPT_OUTPUT_FILE_0}\"\n";
			showEnvVarsInLog = 0;
		};
/* End PBXShellScriptBuildPhase section */

/* Begin PBXSourcesBuildPhase section */
		CF76D6821FDBD2E3001D867B /* Sources */ = {
			isa = PBXSourcesBuildPhase;
			buildActionMask = 2147483647;
			files = (
				CF76D6B01FDBE6E2001D867B /* MovieEntity.swift in Sources */,
				CF76D6B31FDC0732001D867B /* SortTypeSelectionTVCtrlr.swift in Sources */,
				CF76D6A71FDBD847001D867B /* WebService.swift in Sources */,
				CF76D68A1FDBD2E3001D867B /* AppDelegate.swift in Sources */,
				CF76D6BA1FDC2873001D867B /* MovieDetailsVC.swift in Sources */,
				CF76D6A11FDBD6F6001D867B /* MoviePosterListingCVCtrlr.swift in Sources */,
			);
			runOnlyForDeploymentPostprocessing = 0;
		};
/* End PBXSourcesBuildPhase section */

/* Begin XCBuildConfiguration section */
		CF76D6961FDBD2E3001D867B /* Debug */ = {
			isa = XCBuildConfiguration;
			buildSettings = {
				ALWAYS_SEARCH_USER_PATHS = NO;
				CLANG_ANALYZER_NONNULL = YES;
				CLANG_ANALYZER_NUMBER_OBJECT_CONVERSION = YES_AGGRESSIVE;
				CLANG_CXX_LANGUAGE_STANDARD = "gnu++14";
				CLANG_CXX_LIBRARY = "libc++";
				CLANG_ENABLE_MODULES = YES;
				CLANG_ENABLE_OBJC_ARC = YES;
				CLANG_WARN_BLOCK_CAPTURE_AUTORELEASING = YES;
				CLANG_WARN_BOOL_CONVERSION = YES;
				CLANG_WARN_COMMA = YES;
				CLANG_WARN_CONSTANT_CONVERSION = YES;
				CLANG_WARN_DIRECT_OBJC_ISA_USAGE = YES_ERROR;
				CLANG_WARN_DOCUMENTATION_COMMENTS = YES;
				CLANG_WARN_EMPTY_BODY = YES;
				CLANG_WARN_ENUM_CONVERSION = YES;
				CLANG_WARN_INFINITE_RECURSION = YES;
				CLANG_WARN_INT_CONVERSION = YES;
				CLANG_WARN_NON_LITERAL_NULL_CONVERSION = YES;
				CLANG_WARN_OBJC_LITERAL_CONVERSION = YES;
				CLANG_WARN_OBJC_ROOT_CLASS = YES_ERROR;
				CLANG_WARN_RANGE_LOOP_ANALYSIS = YES;
				CLANG_WARN_STRICT_PROTOTYPES = YES;
				CLANG_WARN_SUSPICIOUS_MOVE = YES;
				CLANG_WARN_UNGUARDED_AVAILABILITY = YES_AGGRESSIVE;
				CLANG_WARN_UNREACHABLE_CODE = YES;
				CLANG_WARN__DUPLICATE_METHOD_MATCH = YES;
				CODE_SIGN_IDENTITY = "iPhone Developer";
				COPY_PHASE_STRIP = NO;
				DEBUG_INFORMATION_FORMAT = dwarf;
				ENABLE_STRICT_OBJC_MSGSEND = YES;
				ENABLE_TESTABILITY = YES;
				GCC_C_LANGUAGE_STANDARD = gnu11;
				GCC_DYNAMIC_NO_PIC = NO;
				GCC_NO_COMMON_BLOCKS = YES;
				GCC_OPTIMIZATION_LEVEL = 0;
				GCC_PREPROCESSOR_DEFINITIONS = (
					"DEBUG=1",
					"$(inherited)",
				);
				GCC_WARN_64_TO_32_BIT_CONVERSION = YES;
				GCC_WARN_ABOUT_RETURN_TYPE = YES_ERROR;
				GCC_WARN_UNDECLARED_SELECTOR = YES;
				GCC_WARN_UNINITIALIZED_AUTOS = YES_AGGRESSIVE;
				GCC_WARN_UNUSED_FUNCTION = YES;
				GCC_WARN_UNUSED_VARIABLE = YES;
				IPHONEOS_DEPLOYMENT_TARGET = 11.1;
				MTL_ENABLE_DEBUG_INFO = YES;
				ONLY_ACTIVE_ARCH = YES;
				SDKROOT = iphoneos;
				SWIFT_ACTIVE_COMPILATION_CONDITIONS = DEBUG;
				SWIFT_OPTIMIZATION_LEVEL = "-Onone";
			};
			name = Debug;
		};
		CF76D6971FDBD2E3001D867B /* Release */ = {
			isa = XCBuildConfiguration;
			buildSettings = {
				ALWAYS_SEARCH_USER_PATHS = NO;
				CLANG_ANALYZER_NONNULL = YES;
				CLANG_ANALYZER_NUMBER_OBJECT_CONVERSION = YES_AGGRESSIVE;
				CLANG_CXX_LANGUAGE_STANDARD = "gnu++14";
				CLANG_CXX_LIBRARY = "libc++";
				CLANG_ENABLE_MODULES = YES;
				CLANG_ENABLE_OBJC_ARC = YES;
				CLANG_WARN_BLOCK_CAPTURE_AUTORELEASING = YES;
				CLANG_WARN_BOOL_CONVERSION = YES;
				CLANG_WARN_COMMA = YES;
				CLANG_WARN_CONSTANT_CONVERSION = YES;
				CLANG_WARN_DIRECT_OBJC_ISA_USAGE = YES_ERROR;
				CLANG_WARN_DOCUMENTATION_COMMENTS = YES;
				CLANG_WARN_EMPTY_BODY = YES;
				CLANG_WARN_ENUM_CONVERSION = YES;
				CLANG_WARN_INFINITE_RECURSION = YES;
				CLANG_WARN_INT_CONVERSION = YES;
				CLANG_WARN_NON_LITERAL_NULL_CONVERSION = YES;
				CLANG_WARN_OBJC_LITERAL_CONVERSION = YES;
				CLANG_WARN_OBJC_ROOT_CLASS = YES_ERROR;
				CLANG_WARN_RANGE_LOOP_ANALYSIS = YES;
				CLANG_WARN_STRICT_PROTOTYPES = YES;
				CLANG_WARN_SUSPICIOUS_MOVE = YES;
				CLANG_WARN_UNGUARDED_AVAILABILITY = YES_AGGRESSIVE;
				CLANG_WARN_UNREACHABLE_CODE = YES;
				CLANG_WARN__DUPLICATE_METHOD_MATCH = YES;
				CODE_SIGN_IDENTITY = "iPhone Developer";
				COPY_PHASE_STRIP = NO;
				DEBUG_INFORMATION_FORMAT = "dwarf-with-dsym";
				ENABLE_NS_ASSERTIONS = NO;
				ENABLE_STRICT_OBJC_MSGSEND = YES;
				GCC_C_LANGUAGE_STANDARD = gnu11;
				GCC_NO_COMMON_BLOCKS = YES;
				GCC_WARN_64_TO_32_BIT_CONVERSION = YES;
				GCC_WARN_ABOUT_RETURN_TYPE = YES_ERROR;
				GCC_WARN_UNDECLARED_SELECTOR = YES;
				GCC_WARN_UNINITIALIZED_AUTOS = YES_AGGRESSIVE;
				GCC_WARN_UNUSED_FUNCTION = YES;
				GCC_WARN_UNUSED_VARIABLE = YES;
				IPHONEOS_DEPLOYMENT_TARGET = 11.1;
				MTL_ENABLE_DEBUG_INFO = NO;
				SDKROOT = iphoneos;
				SWIFT_OPTIMIZATION_LEVEL = "-Owholemodule";
				VALIDATE_PRODUCT = YES;
			};
			name = Release;
		};
		CF76D6991FDBD2E3001D867B /* Debug */ = {
			isa = XCBuildConfiguration;
			baseConfigurationReference = FCA90D1C0B676DADA6985C91 /* Pods-MovieDB.debug.xcconfig */;
			buildSettings = {
				ASSETCATALOG_COMPILER_APPICON_NAME = AppIcon;
				CODE_SIGN_STYLE = Automatic;
				INFOPLIST_FILE = "$(SRCROOT)/MovieDB/Application Skeleton/Info.plist";
				LD_RUNPATH_SEARCH_PATHS = "$(inherited) @executable_path/Frameworks";
				PRODUCT_BUNDLE_IDENTIFIER = dev.Vedant.MovieDB;
				PRODUCT_NAME = "$(TARGET_NAME)";
				SWIFT_VERSION = 4.0;
				TARGETED_DEVICE_FAMILY = 1;
			};
			name = Debug;
		};
		CF76D69A1FDBD2E3001D867B /* Release */ = {
			isa = XCBuildConfiguration;
			baseConfigurationReference = C560417D81E6BDCF07AC0B8B /* Pods-MovieDB.release.xcconfig */;
			buildSettings = {
				ASSETCATALOG_COMPILER_APPICON_NAME = AppIcon;
				CODE_SIGN_STYLE = Automatic;
				INFOPLIST_FILE = "$(SRCROOT)/MovieDB/Application Skeleton/Info.plist";
				LD_RUNPATH_SEARCH_PATHS = "$(inherited) @executable_path/Frameworks";
				PRODUCT_BUNDLE_IDENTIFIER = dev.Vedant.MovieDB;
				PRODUCT_NAME = "$(TARGET_NAME)";
				SWIFT_VERSION = 4.0;
				TARGETED_DEVICE_FAMILY = 1;
			};
			name = Release;
		};
/* End XCBuildConfiguration section */

/* Begin XCConfigurationList section */
		CF76D6811FDBD2E3001D867B /* Build configuration list for PBXProject "MovieDB" */ = {
			isa = XCConfigurationList;
			buildConfigurations = (
				CF76D6961FDBD2E3001D867B /* Debug */,
				CF76D6971FDBD2E3001D867B /* Release */,
			);
			defaultConfigurationIsVisible = 0;
			defaultConfigurationName = Release;
		};
		CF76D6981FDBD2E3001D867B /* Build configuration list for PBXNativeTarget "MovieDB" */ = {
			isa = XCConfigurationList;
			buildConfigurations = (
				CF76D6991FDBD2E3001D867B /* Debug */,
				CF76D69A1FDBD2E3001D867B /* Release */,
			);
			defaultConfigurationIsVisible = 0;
			defaultConfigurationName = Release;
		};
/* End XCConfigurationList section */
	};
	rootObject = CF76D67E1FDBD2E3001D867B /* Project object */;
}
